
Microsoft Visual Studio Solution File, Format Version 12.00
# Visual Studio Version 17
VisualStudioVersion = 17.1.32414.318
MinimumVisualStudioVersion = 10.0.40219.1
Project("{FAE04EC0-301F-11D3-BF4B-00C04F79EFBC}") = "Process1", "Task3\Process1.csproj", "{14E1F314-9260-46E4-8EF0-003085124CED}"
EndProject
Project("{FAE04EC0-301F-11D3-BF4B-00C04F79EFBC}") = "Process2", "Process2\Process2.csproj", "{52227911-2DAC-4D01-A081-FFAB0AAF408B}"
EndProject
Global
	GlobalSection(SolutionConfigurationPlatforms) = preSolution
		Debug|Any CPU = Debug|Any CPU
		Debug|ARM = Debug|ARM
		Debug|ARM64 = Debug|ARM64
		Debug|x64 = Debug|x64
		Debug|x86 = Debug|x86
		Release|Any CPU = Release|Any CPU
		Release|ARM = Release|ARM
		Release|ARM64 = Release|ARM64
		Release|x64 = Release|x64
		Release|x86 = Release|x86
	EndGlobalSection
	GlobalSection(ProjectConfigurationPlatforms) = postSolution
		{14E1F314-9260-46E4-8EF0-003085124CED}.Debug|Any CPU.ActiveCfg = Debug|Any CPU
		{14E1F314-9260-46E4-8EF0-003085124CED}.Debug|Any CPU.Build.0 = Debug|Any CPU
		{14E1F314-9260-46E4-8EF0-003085124CED}.Debug|ARM.ActiveCfg = Debug|Any CPU
		{14E1F314-9260-46E4-8EF0-003085124CED}.Debug|ARM.Build.0 = Debug|Any CPU
		{14E1F314-9260-46E4-8EF0-003085124CED}.Debug|ARM64.ActiveCfg = Debug|Any CPU
		{14E1F314-9260-46E4-8EF0-003085124CED}.Debug|ARM64.Build.0 = Debug|Any CPU
		{14E1F314-9260-46E4-8EF0-003085124CED}.Debug|x64.ActiveCfg = Debug|Any CPU
		{14E1F314-9260-46E4-8EF0-003085124CED}.Debug|x64.Build.0 = Debug|Any CPU
		{14E1F314-9260-46E4-8EF0-003085124CED}.Debug|x86.ActiveCfg = Debug|Any CPU
		{14E1F314-9260-46E4-8EF0-003085124CED}.Debug|x86.Build.0 = Debug|Any CPU
		{14E1F314-9260-46E4-8EF0-003085124CED}.Release|Any CPU.ActiveCfg = Release|Any CPU
		{14E1F314-9260-46E4-8EF0-003085124CED}.Release|Any CPU.Build.0 = Release|Any CPU
		{14E1F314-9260-46E4-8EF0-003085124CED}.Release|ARM.ActiveCfg = Release|Any CPU
		{14E1F314-9260-46E4-8EF0-003085124CED}.Release|ARM.Build.0 = Release|Any CPU
		{14E1F314-9260-46E4-8EF0-003085124CED}.Release|ARM64.ActiveCfg = Release|Any CPU
		{14E1F314-9260-46E4-8EF0-003085124CED}.Release|ARM64.Build.0 = Release|Any CPU
		{14E1F314-9260-46E4-8EF0-003085124CED}.Release|x64.ActiveCfg = Release|Any CPU
		{14E1F314-9260-46E4-8EF0-003085124CED}.Release|x64.Build.0 = Release|Any CPU
		{14E1F314-9260-46E4-8EF0-003085124CED}.Release|x86.ActiveCfg = Release|Any CPU
		{14E1F314-9260-46E4-8EF0-003085124CED}.Release|x86.Build.0 = Release|Any CPU
		{52227911-2DAC-4D01-A081-FFAB0AAF408B}.Debug|Any CPU.ActiveCfg = Debug|Any CPU
		{52227911-2DAC-4D01-A081-FFAB0AAF408B}.Debug|Any CPU.Build.0 = Debug|Any CPU
		{52227911-2DAC-4D01-A081-FFAB0AAF408B}.Debug|ARM.ActiveCfg = Debug|Any CPU
		{52227911-2DAC-4D01-A081-FFAB0AAF408B}.Debug|ARM.Build.0 = Debug|Any CPU
		{52227911-2DAC-4D01-A081-FFAB0AAF408B}.Debug|ARM64.ActiveCfg = Debug|Any CPU
		{52227911-2DAC-4D01-A081-FFAB0AAF408B}.Debug|ARM64.Build.0 = Debug|Any CPU
		{52227911-2DAC-4D01-A081-FFAB0AAF408B}.Debug|x64.ActiveCfg = Debug|Any CPU
		{52227911-2DAC-4D01-A081-FFAB0AAF408B}.Debug|x64.Build.0 = Debug|Any CPU
		{52227911-2DAC-4D01-A081-FFAB0AAF408B}.Debug|x86.ActiveCfg = Debug|Any CPU
		{52227911-2DAC-4D01-A081-FFAB0AAF408B}.Debug|x86.Build.0 = Debug|Any CPU
		{52227911-2DAC-4D01-A081-FFAB0AAF408B}.Release|Any CPU.ActiveCfg = Release|Any CPU
		{52227911-2DAC-4D01-A081-FFAB0AAF408B}.Release|Any CPU.Build.0 = Release|Any CPU
		{52227911-2DAC-4D01-A081-FFAB0AAF408B}.Release|ARM.ActiveCfg = Release|Any CPU
		{52227911-2DAC-4D01-A081-FFAB0AAF408B}.Release|ARM.Build.0 = Release|Any CPU
		{52227911-2DAC-4D01-A081-FFAB0AAF408B}.Release|ARM64.ActiveCfg = Release|Any CPU
		{52227911-2DAC-4D01-A081-FFAB0AAF408B}.Release|ARM64.Build.0 = Release|Any CPU
		{52227911-2DAC-4D01-A081-FFAB0AAF408B}.Release|x64.ActiveCfg = Release|Any CPU
		{52227911-2DAC-4D01-A081-FFAB0AAF408B}.Release|x64.Build.0 = Release|Any CPU
		{52227911-2DAC-4D01-A081-FFAB0AAF408B}.Release|x86.ActiveCfg = Release|Any CPU
		{52227911-2DAC-4D01-A081-FFAB0AAF408B}.Release|x86.Build.0 = Release|Any CPU
	EndGlobalSection
	GlobalSection(SolutionProperties) = preSolution
		HideSolutionNode = FALSE
	EndGlobalSection
	GlobalSection(ExtensibilityGlobals) = postSolution
		SolutionGuid = {11FB55ED-5CCB-45E6-801F-40CAD7A08D53}
	EndGlobalSection
EndGlobal
